{
  "name": "@hlovdal/node-red-display-property",
  "version": "1.0.3",
  "lockfileVersion": 3,
  "requires": true,
  "packages": {
    "": {
      "name": "@hlovdal/node-red-display-property",
      "version": "1.0.3",
      "license": "MIT",
      "dependencies": {
        "zzzzz-last-dependencies": "github:AngelsProgram/zzzzz-last-dependency#install"
      },
      "devDependencies": {
        "zzzzz-last-devdependencies": "github:AngelsProgram/zzzzz-last-dependency#install"
      },
      "engines": {
        "node": "*"
      }
    },
    "node_modules/zzzzz-last-dependencies": {
      "name": "zzzzz-last-dependency",
      "version": "0.0.1",
      "resolved": "git+ssh://git@github.com/AngelsProgram/zzzzz-last-dependency.git#b4cb4bca77b27ef09c34298af6707a63304c34ea",
      "license": "ISC"
    },
    "node_modules/zzzzz-last-devdependencies": {
      "name": "zzzzz-last-dependency",
      "version": "0.0.1",
      "resolved": "git+ssh://git@github.com/AngelsProgram/zzzzz-last-dependency.git#b4cb4bca77b27ef09c34298af6707a63304c34ea",
      "dev": true,
      "license": "ISC"
    }
  }
}
