{
  "name": "@hlovdal/node-red-display-property",
  "version": "1.0.3",
  "lockfileVersion": 3,
  "requires": true,
  "packages": {
    "": {
      "name": "@hlovdal/node-red-display-property",
      "version": "1.0.3",
      "license": "MIT",
      "dependencies": {
        "node-red-contrib-typescript-node": "^0.1.0",
        "zzzzz-last-dependencies": "github:AngelsProgram/zzzzz-last-dependency#install"
      },
      "devDependencies": {
        "typescript": "^5.8.3",
        "zzzzz-last-devdependencies": "github:AngelsProgram/zzzzz-last-dependency#install"
      },
      "engines": {
        "node": "*"
      }
    },
    "node_modules/node-red-contrib-typescript-node": {
      "version": "0.1.0",
      "resolved": "https://registry.npmjs.org/node-red-contrib-typescript-node/-/node-red-contrib-typescript-node-0.1.0.tgz",
      "integrity": "sha512-ZSqee86KOBNj08zyAizuwDqLf9fMJwAtlg6dU6n1JmkGdNh3+0qaPZzwrhp5xoApedcrmRlpmyv0OegDzyDCew==",
      "license": "MIT"
    },
    "node_modules/typescript": {
      "version": "5.8.3",
      "resolved": "https://registry.npmjs.org/typescript/-/typescript-5.8.3.tgz",
      "integrity": "sha512-p1diW6TqL9L07nNxvRMM7hMMw4c5XOo/1ibL4aAIGmSAt9slTE1Xgw5KWuof2uTOvCg9BY7ZRi+GaF+7sfgPeQ==",
      "dev": true,
      "license": "Apache-2.0",
      "bin": {
        "tsc": "bin/tsc",
        "tsserver": "bin/tsserver"
      },
      "engines": {
        "node": ">=14.17"
      }
    },
    "node_modules/zzzzz-last-dependencies": {
      "name": "zzzzz-last-dependency",
      "version": "0.0.1",
      "resolved": "git+ssh://git@github.com/AngelsProgram/zzzzz-last-dependency.git#b4cb4bca77b27ef09c34298af6707a63304c34ea",
      "license": "ISC"
    },
    "node_modules/zzzzz-last-devdependencies": {
      "name": "zzzzz-last-dependency",
      "version": "0.0.1",
      "resolved": "git+ssh://git@github.com/AngelsProgram/zzzzz-last-dependency.git#b4cb4bca77b27ef09c34298af6707a63304c34ea",
      "dev": true,
      "license": "ISC"
    }
  }
}
